
Microsoft Visual Studio Solution File, Format Version 12.00
# Visual Studio Version 17
VisualStudioVersion = 17.9.34701.34
MinimumVisualStudioVersion = 10.0.40219.1
Project("{9A19103F-16F7-4668-BE54-9A1E7A4F7556}") = "QrToPay", "QrToPay.csproj", "{125A4169-36A4-45E6-9C84-5CEDDD7D5C39}"
EndProject
Project("{FAE04EC0-301F-11D3-BF4B-00C04F79EFBC}") = "QrToPay.Api", "..\QrToPay.Api\QrToPay.Api.csproj", "{B6761FF3-BF66-49CE-B4F5-C6332C553376}"
EndProject
Global
	GlobalSection(SolutionConfigurationPlatforms) = preSolution
		Debug|Any CPU = Debug|Any CPU
		Release|Any CPU = Release|Any CPU
	EndGlobalSection
	GlobalSection(ProjectConfigurationPlatforms) = postSolution
		{125A4169-36A4-45E6-9C84-5CEDDD7D5C39}.Debug|Any CPU.ActiveCfg = Debug|Any CPU
		{125A4169-36A4-45E6-9C84-5CEDDD7D5C39}.Debug|Any CPU.Build.0 = Debug|Any CPU
		{125A4169-36A4-45E6-9C84-5CEDDD7D5C39}.Debug|Any CPU.Deploy.0 = Debug|Any CPU
		{125A4169-36A4-45E6-9C84-5CEDDD7D5C39}.Release|Any CPU.ActiveCfg = Release|Any CPU
		{125A4169-36A4-45E6-9C84-5CEDDD7D5C39}.Release|Any CPU.Build.0 = Release|Any CPU
		{125A4169-36A4-45E6-9C84-5CEDDD7D5C39}.Release|Any CPU.Deploy.0 = Release|Any CPU
		{B6761FF3-BF66-49CE-B4F5-C6332C553376}.Debug|Any CPU.ActiveCfg = Debug|Any CPU
		{B6761FF3-BF66-49CE-B4F5-C6332C553376}.Debug|Any CPU.Build.0 = Debug|Any CPU
		{B6761FF3-BF66-49CE-B4F5-C6332C553376}.Release|Any CPU.ActiveCfg = Release|Any CPU
		{B6761FF3-BF66-49CE-B4F5-C6332C553376}.Release|Any CPU.Build.0 = Release|Any CPU
	EndGlobalSection
	GlobalSection(SolutionProperties) = preSolution
		HideSolutionNode = FALSE
	EndGlobalSection
	GlobalSection(ExtensibilityGlobals) = postSolution
		SolutionGuid = {633F4468-94F9-4D80-B56D-4579FF272D06}
	EndGlobalSection
EndGlobal
